<Solution>
  <Project Path="AvaloniaApplication1/AvaloniaApplication1.csproj" />
  <Project Path="AvaloniaApplication2/AvaloniaApplication2.csproj" Id="d8f4efe0-442a-4987-869a-197cf663b28a" />
  <Project Path="AvaloniaApplication3/AvaloniaApplication3.Android/AvaloniaApplication3.Android.csproj" Id="027066a3-c524-46e1-9e88-40e36026632a">
    <Deploy />
  </Project>
  <Project Path="AvaloniaApplication3/AvaloniaApplication3.Browser/AvaloniaApplication3.Browser.csproj" Id="71310b86-ce44-451f-baa0-47e0d348ea9f" />
  <Project Path="AvaloniaApplication3/AvaloniaApplication3.Desktop/AvaloniaApplication3.Desktop.csproj" Id="5daea67e-00b8-4f18-bf0b-d5480b10d3c9" />
  <Project Path="AvaloniaApplication3/AvaloniaApplication3.iOS/AvaloniaApplication3.iOS.csproj" Id="c44d8cf5-13b8-4957-8fd4-2c14bb9ade51">
    <Deploy />
  </Project>
  <Project Path="AvaloniaApplication3/AvaloniaApplication3/AvaloniaApplication3.csproj" Id="fc68299d-70de-4a7f-aa70-58d91c19faf7" />
</Solution>
