
Microsoft Visual Studio Solution File, Format Version 12.00
# Visual Studio Version 17
VisualStudioVersion = 17.7.34024.191
MinimumVisualStudioVersion = 10.0.40219.1
Project("{9A19103F-16F7-4668-BE54-9A1E7A4F7556}") = "Baboon", "Baboon\Baboon.csproj", "{8FC4BC25-327D-4842-B48C-BFE931E4E5DA}"
EndProject
Project("{9A19103F-16F7-4668-BE54-9A1E7A4F7556}") = "Baboon.Wpf", "Demo\Baboon.Wpf\Baboon.Wpf.csproj", "{67DE8818-9402-4F06-8592-24C170835759}"
EndProject
Project("{2150E333-8FDC-42A3-9474-1A3956D46DE8}") = "Demo", "Demo", "{744923A9-391F-483E-90E9-DC7F9715E117}"
	ProjectSection(SolutionItems) = preProject
		Demo\Directory.Build.props = Demo\Directory.Build.props
	EndProjectSection
EndProject
Project("{FAE04EC0-301F-11D3-BF4B-00C04F79EFBC}") = "SayHello.Module", "Demo\SayHello.Module\SayHello.Module.csproj", "{74C794A3-895B-5613-1AA8-B251C1F0B54C}"
EndProject
Project("{FAE04EC0-301F-11D3-BF4B-00C04F79EFBC}") = "Baboon.Winform", "Demo\Baboon.Winform\Baboon.Winform.csproj", "{86C0210E-01CE-4AE9-BB02-435DC1EDA9C3}"
EndProject
Global
	GlobalSection(SolutionConfigurationPlatforms) = preSolution
		Debug|Any CPU = Debug|Any CPU
		Release|Any CPU = Release|Any CPU
	EndGlobalSection
	GlobalSection(ProjectConfigurationPlatforms) = postSolution
		{8FC4BC25-327D-4842-B48C-BFE931E4E5DA}.Debug|Any CPU.ActiveCfg = Debug|Any CPU
		{8FC4BC25-327D-4842-B48C-BFE931E4E5DA}.Debug|Any CPU.Build.0 = Debug|Any CPU
		{8FC4BC25-327D-4842-B48C-BFE931E4E5DA}.Release|Any CPU.ActiveCfg = Release|Any CPU
		{8FC4BC25-327D-4842-B48C-BFE931E4E5DA}.Release|Any CPU.Build.0 = Release|Any CPU
		{67DE8818-9402-4F06-8592-24C170835759}.Debug|Any CPU.ActiveCfg = Debug|Any CPU
		{67DE8818-9402-4F06-8592-24C170835759}.Debug|Any CPU.Build.0 = Debug|Any CPU
		{67DE8818-9402-4F06-8592-24C170835759}.Release|Any CPU.ActiveCfg = Release|Any CPU
		{67DE8818-9402-4F06-8592-24C170835759}.Release|Any CPU.Build.0 = Release|Any CPU
		{74C794A3-895B-5613-1AA8-B251C1F0B54C}.Debug|Any CPU.ActiveCfg = Debug|Any CPU
		{74C794A3-895B-5613-1AA8-B251C1F0B54C}.Debug|Any CPU.Build.0 = Debug|Any CPU
		{74C794A3-895B-5613-1AA8-B251C1F0B54C}.Release|Any CPU.ActiveCfg = Release|Any CPU
		{74C794A3-895B-5613-1AA8-B251C1F0B54C}.Release|Any CPU.Build.0 = Release|Any CPU
		{86C0210E-01CE-4AE9-BB02-435DC1EDA9C3}.Debug|Any CPU.ActiveCfg = Debug|Any CPU
		{86C0210E-01CE-4AE9-BB02-435DC1EDA9C3}.Debug|Any CPU.Build.0 = Debug|Any CPU
		{86C0210E-01CE-4AE9-BB02-435DC1EDA9C3}.Release|Any CPU.ActiveCfg = Release|Any CPU
		{86C0210E-01CE-4AE9-BB02-435DC1EDA9C3}.Release|Any CPU.Build.0 = Release|Any CPU
	EndGlobalSection
	GlobalSection(SolutionProperties) = preSolution
		HideSolutionNode = FALSE
	EndGlobalSection
	GlobalSection(NestedProjects) = preSolution
		{67DE8818-9402-4F06-8592-24C170835759} = {744923A9-391F-483E-90E9-DC7F9715E117}
		{74C794A3-895B-5613-1AA8-B251C1F0B54C} = {744923A9-391F-483E-90E9-DC7F9715E117}
		{86C0210E-01CE-4AE9-BB02-435DC1EDA9C3} = {744923A9-391F-483E-90E9-DC7F9715E117}
	EndGlobalSection
	GlobalSection(ExtensibilityGlobals) = postSolution
		SolutionGuid = {B084965B-CBA4-4C62-B0B3-7AC1A739B585}
	EndGlobalSection
EndGlobal
