
Microsoft Visual Studio Solution File, Format Version 12.00
# Visual Studio Version 18
VisualStudioVersion = 18.0.11018.127
MinimumVisualStudioVersion = 10.0.40219.1
Project("{FAE04EC0-301F-11D3-BF4B-00C04F79EFBC}") = "SayHello.Module", "SayHello.Module\SayHello.Module.csproj", "{46F0BDA5-0A17-CE0F-99EF-B195500C7204}"
EndProject
Project("{2150E333-8FDC-42A3-9474-1A3956D46DE8}") = ".Solutions", ".Solutions", "{02EA681E-C7D8-13C7-8484-4AC65E1B71E8}"
	ProjectSection(SolutionItems) = preProject
		Directory.Build.props = Directory.Build.props
	EndProjectSection
EndProject
Project("{FAE04EC0-301F-11D3-BF4B-00C04F79EFBC}") = "BaboonDemo.Core", "BaboonDemo.Core\BaboonDemo.Core.csproj", "{19300EC0-F40E-8007-8C3D-66CA2047D871}"
EndProject
Project("{FAE04EC0-301F-11D3-BF4B-00C04F79EFBC}") = "BaboonDemo.Winform", "BaboonDemo.Winform\BaboonDemo.Winform.csproj", "{5AC0236F-C433-1206-78A3-232378DA24CD}"
EndProject
Project("{FAE04EC0-301F-11D3-BF4B-00C04F79EFBC}") = "BaboonDemo.Wpf", "BaboonDemo.Wpf\BaboonDemo.Wpf.csproj", "{E7EA3828-2DF3-5E77-1423-DFD330BA3FC4}"
EndProject
Project("{FAE04EC0-301F-11D3-BF4B-00C04F79EFBC}") = "BaboonDemo.Wpf.Avalonia", "BaboonDemo.Wpf.Avalonia\BaboonDemo.Wpf.Avalonia.csproj", "{32C8F6CD-76D2-4956-AE0C-BBD3A931D684}"
EndProject
Global
	GlobalSection(SolutionConfigurationPlatforms) = preSolution
		Debug|Any CPU = Debug|Any CPU
		Release|Any CPU = Release|Any CPU
	EndGlobalSection
	GlobalSection(ProjectConfigurationPlatforms) = postSolution
		{46F0BDA5-0A17-CE0F-99EF-B195500C7204}.Debug|Any CPU.ActiveCfg = Debug|Any CPU
		{46F0BDA5-0A17-CE0F-99EF-B195500C7204}.Debug|Any CPU.Build.0 = Debug|Any CPU
		{46F0BDA5-0A17-CE0F-99EF-B195500C7204}.Release|Any CPU.ActiveCfg = Release|Any CPU
		{46F0BDA5-0A17-CE0F-99EF-B195500C7204}.Release|Any CPU.Build.0 = Release|Any CPU
		{19300EC0-F40E-8007-8C3D-66CA2047D871}.Debug|Any CPU.ActiveCfg = Debug|Any CPU
		{19300EC0-F40E-8007-8C3D-66CA2047D871}.Debug|Any CPU.Build.0 = Debug|Any CPU
		{19300EC0-F40E-8007-8C3D-66CA2047D871}.Release|Any CPU.ActiveCfg = Release|Any CPU
		{19300EC0-F40E-8007-8C3D-66CA2047D871}.Release|Any CPU.Build.0 = Release|Any CPU
		{5AC0236F-C433-1206-78A3-232378DA24CD}.Debug|Any CPU.ActiveCfg = Debug|Any CPU
		{5AC0236F-C433-1206-78A3-232378DA24CD}.Debug|Any CPU.Build.0 = Debug|Any CPU
		{5AC0236F-C433-1206-78A3-232378DA24CD}.Release|Any CPU.ActiveCfg = Release|Any CPU
		{5AC0236F-C433-1206-78A3-232378DA24CD}.Release|Any CPU.Build.0 = Release|Any CPU
		{E7EA3828-2DF3-5E77-1423-DFD330BA3FC4}.Debug|Any CPU.ActiveCfg = Debug|Any CPU
		{E7EA3828-2DF3-5E77-1423-DFD330BA3FC4}.Debug|Any CPU.Build.0 = Debug|Any CPU
		{E7EA3828-2DF3-5E77-1423-DFD330BA3FC4}.Release|Any CPU.ActiveCfg = Release|Any CPU
		{E7EA3828-2DF3-5E77-1423-DFD330BA3FC4}.Release|Any CPU.Build.0 = Release|Any CPU
		{32C8F6CD-76D2-4956-AE0C-BBD3A931D684}.Debug|Any CPU.ActiveCfg = Debug|Any CPU
		{32C8F6CD-76D2-4956-AE0C-BBD3A931D684}.Debug|Any CPU.Build.0 = Debug|Any CPU
		{32C8F6CD-76D2-4956-AE0C-BBD3A931D684}.Release|Any CPU.ActiveCfg = Release|Any CPU
		{32C8F6CD-76D2-4956-AE0C-BBD3A931D684}.Release|Any CPU.Build.0 = Release|Any CPU
	EndGlobalSection
	GlobalSection(SolutionProperties) = preSolution
		HideSolutionNode = FALSE
	EndGlobalSection
	GlobalSection(ExtensibilityGlobals) = postSolution
		SolutionGuid = {B084965B-CBA4-4C62-B0B3-7AC1A739B585}
	EndGlobalSection
EndGlobal
