<Solution>
  <Folder Name="/.Solutions/">
    <File Path="Directory.Build.props" />
  </Folder>
  <Project Path="Baboon.Avalonia.Desktop/Baboon.Avalonia.Desktop.csproj" />
  <Project Path="Baboon.Core/Baboon.Core.csproj" />
  <Project Path="Baboon.Desktop/Baboon.Desktop.csproj" />
  <Project Path="Baboon.Maui/Baboon.Maui.csproj" />
  <Project Path="Baboon.Shared/Baboon.Shared.shproj" Id="6a0fac97-77fd-4277-bdeb-df788d07eda2" />
</Solution>
