
Microsoft Visual Studio Solution File, Format Version 12.00
# Visual Studio Version 18
VisualStudioVersion = 18.0.11109.219
MinimumVisualStudioVersion = 10.0.40219.1
Project("{FAE04EC0-301F-11D3-BF4B-00C04F79EFBC}") = "Baboon.Desktop", "Baboon.Desktop\Baboon.Desktop.csproj", "{5F7FB62F-0C02-FAEA-3564-008C6922910A}"
EndProject
Project("{2150E333-8FDC-42A3-9474-1A3956D46DE8}") = ".Solutions", ".Solutions", "{9D3F387B-1FDA-44DD-A8F4-08313A78F53B}"
	ProjectSection(SolutionItems) = preProject
		Directory.Build.props = Directory.Build.props
	EndProjectSection
EndProject
Project("{FAE04EC0-301F-11D3-BF4B-00C04F79EFBC}") = "Baboon.Core", "Baboon.Core\Baboon.Core.csproj", "{05177AB7-E950-5BB2-AD50-C6E1DC60D850}"
EndProject
Global
	GlobalSection(SolutionConfigurationPlatforms) = preSolution
		Debug|Any CPU = Debug|Any CPU
		Release|Any CPU = Release|Any CPU
	EndGlobalSection
	GlobalSection(ProjectConfigurationPlatforms) = postSolution
		{5F7FB62F-0C02-FAEA-3564-008C6922910A}.Debug|Any CPU.ActiveCfg = Debug|Any CPU
		{5F7FB62F-0C02-FAEA-3564-008C6922910A}.Debug|Any CPU.Build.0 = Debug|Any CPU
		{5F7FB62F-0C02-FAEA-3564-008C6922910A}.Release|Any CPU.ActiveCfg = Release|Any CPU
		{5F7FB62F-0C02-FAEA-3564-008C6922910A}.Release|Any CPU.Build.0 = Release|Any CPU
		{05177AB7-E950-5BB2-AD50-C6E1DC60D850}.Debug|Any CPU.ActiveCfg = Debug|Any CPU
		{05177AB7-E950-5BB2-AD50-C6E1DC60D850}.Debug|Any CPU.Build.0 = Debug|Any CPU
		{05177AB7-E950-5BB2-AD50-C6E1DC60D850}.Release|Any CPU.ActiveCfg = Release|Any CPU
		{05177AB7-E950-5BB2-AD50-C6E1DC60D850}.Release|Any CPU.Build.0 = Release|Any CPU
	EndGlobalSection
	GlobalSection(SolutionProperties) = preSolution
		HideSolutionNode = FALSE
	EndGlobalSection
	GlobalSection(ExtensibilityGlobals) = postSolution
		SolutionGuid = {B084965B-CBA4-4C62-B0B3-7AC1A739B585}
	EndGlobalSection
EndGlobal
